
Microsoft Visual Studio Solution File, Format Version 11.00
# Visual Studio 2010
Project("{2150E333-8FDC-42A3-9474-1A3956D46DE8}") = "Solution Items", "Solution Items", "{54EB6F05-B072-4EC1-A756-F83399256872}"
	ProjectSection(SolutionItems) = preProject
		Dependencies\Interop.NATUPNPLib.dll = Dependencies\Interop.NATUPNPLib.dll
		Dependencies\Ionic.Zip.dll = Dependencies\Ionic.Zip.dll
		LICENSE.txt = LICENSE.txt
		LocalTestRun.testrunconfig = LocalTestRun.testrunconfig
		Dependencies\Moq.dll = Dependencies\Moq.dll
		Dependencies\System.Data.SQLite.DLL = Dependencies\System.Data.SQLite.DLL
		VirtualRadar.vsmdi = VirtualRadar.vsmdi
	EndProjectSection
EndProject
Project("{2150E333-8FDC-42A3-9474-1A3956D46DE8}") = "Test", "Test", "{F3CB0F2F-8F5A-44B0-8AFE-D8DA9531612E}"
EndProject
Project("{FAE04EC0-301F-11D3-BF4B-00C04F79EFBC}") = "VirtualRadar.Interface", "VirtualRadar.Interface\VirtualRadar.Interface.csproj", "{8EF81105-F45D-4EDB-996C-DE7D5644B1E7}"
EndProject
Project("{FAE04EC0-301F-11D3-BF4B-00C04F79EFBC}") = "VirtualRadar.Library", "VirtualRadar.Library\VirtualRadar.Library.csproj", "{4BC834F4-005B-4EF9-BDA4-078C3F1745D3}"
EndProject
Project("{FAE04EC0-301F-11D3-BF4B-00C04F79EFBC}") = "VirtualRadar", "VirtualRadar\VirtualRadar.csproj", "{A3F353C9-0CD5-48BF-A788-EFA83790237A}"
EndProject
Project("{FAE04EC0-301F-11D3-BF4B-00C04F79EFBC}") = "Test.Framework", "Test\Test.Framework\Test.Framework.csproj", "{94F0A821-51BB-4381-9413-1A3FAD661D82}"
EndProject
Project("{FAE04EC0-301F-11D3-BF4B-00C04F79EFBC}") = "Test.VirtualRadar.Interface", "Test\Test.VirtualRadar.Interface\Test.VirtualRadar.Interface.csproj", "{D458EB9E-7E35-46F2-9921-34D110C74BDB}"
EndProject
Project("{FAE04EC0-301F-11D3-BF4B-00C04F79EFBC}") = "Test.VirtualRadar.Database", "Test\Test.VirtualRadar.Database\Test.VirtualRadar.Database.csproj", "{3BCD0AE3-BC71-47DC-836C-41BDF0C2533E}"
EndProject
Project("{FAE04EC0-301F-11D3-BF4B-00C04F79EFBC}") = "Test.VirtualRadar.Library", "Test\Test.VirtualRadar.Library\Test.VirtualRadar.Library.csproj", "{FD7ACA3B-540C-47AD-9FBE-0B6512D52778}"
EndProject
Project("{FAE04EC0-301F-11D3-BF4B-00C04F79EFBC}") = "VirtualRadar.Database", "VirtualRadar.Database\VirtualRadar.Database.csproj", "{049A9A56-990E-4F99-99F7-CC09767508D9}"
EndProject
Project("{FAE04EC0-301F-11D3-BF4B-00C04F79EFBC}") = "InterfaceFactory", "InterfaceFactory\InterfaceFactory.csproj", "{6AD23CD7-FB9F-448E-85EA-CB5AAA4E9FEE}"
EndProject
Project("{FAE04EC0-301F-11D3-BF4B-00C04F79EFBC}") = "Test.InterfaceFactory", "Test\Test.InterfaceFactory\Test.InterfaceFactory.csproj", "{E40D47DD-37B4-4B3E-87E5-8C47CB16F46D}"
EndProject
Project("{FAE04EC0-301F-11D3-BF4B-00C04F79EFBC}") = "VirtualRadar.Localisation", "VirtualRadar.Localisation\VirtualRadar.Localisation.csproj", "{FD3E36E1-35EA-46F3-A30B-65CEA7D92B7E}"
EndProject
Project("{FAE04EC0-301F-11D3-BF4B-00C04F79EFBC}") = "VirtualRadar.WebServer", "VirtualRadar.WebServer\VirtualRadar.WebServer.csproj", "{368D365B-D45A-439E-B649-0512C395351F}"
EndProject
Project("{FAE04EC0-301F-11D3-BF4B-00C04F79EFBC}") = "Test.VirtualRadar.WebServer", "Test\Test.VirtualRadar.WebServer\Test.VirtualRadar.WebServer.csproj", "{3B80F85F-085D-4D89-8CC6-5167A58D7845}"
EndProject
Project("{FAE04EC0-301F-11D3-BF4B-00C04F79EFBC}") = "VirtualRadar.WebSite", "VirtualRadar.WebSite\VirtualRadar.WebSite.csproj", "{EACC3459-9586-4977-A664-AE5827699B30}"
EndProject
Project("{FAE04EC0-301F-11D3-BF4B-00C04F79EFBC}") = "Test.VirtualRadar.WebSite", "Test\Test.VirtualRadar.WebSite\Test.VirtualRadar.WebSite.csproj", "{40F37767-C554-453F-8748-784EF41E0AFB}"
EndProject
Project("{FAE04EC0-301F-11D3-BF4B-00C04F79EFBC}") = "VirtualRadar.WinForms", "VirtualRadar.WinForms\VirtualRadar.WinForms.csproj", "{3A1330D8-1E7D-4C70-BA9A-39851389CFFF}"
EndProject
Project("{FAE04EC0-301F-11D3-BF4B-00C04F79EFBC}") = "VirtualRadar.Resources", "VirtualRadar.Resources\VirtualRadar.Resources.csproj", "{B74413AC-8898-45DA-B4BD-82E4F9F58D72}"
EndProject
Project("{FAE04EC0-301F-11D3-BF4B-00C04F79EFBC}") = "VirtualRadar.Plugin.BaseStationDatabaseWriter", "VirtualRadar.Plugin.BaseStationDatabaseWriter\VirtualRadar.Plugin.BaseStationDatabaseWriter.csproj", "{FE25F47B-7A81-4A04-8E00-99C36BCA8E03}"
EndProject
Project("{FAE04EC0-301F-11D3-BF4B-00C04F79EFBC}") = "Test.VirtualRadar.Plugin.BaseStationDatabaseWriter", "Test\Test.VirtualRadar.Plugin.BaseStationDatabaseWriter\Test.VirtualRadar.Plugin.BaseStationDatabaseWriter.csproj", "{9E538513-A812-4A09-BD54-96734AD4A850}"
EndProject
Project("{FAE04EC0-301F-11D3-BF4B-00C04F79EFBC}") = "VirtualRadar.Plugin.Example", "VirtualRadar.Plugin.Example\VirtualRadar.Plugin.Example.csproj", "{B1ED76D8-C538-494C-9A0C-39EEEC30DC81}"
EndProject
Project("{FAE04EC0-301F-11D3-BF4B-00C04F79EFBC}") = "VirtualRadar.Interop", "VirtualRadar.Interop\VirtualRadar.Interop.csproj", "{801D6F1C-21A1-4336-9F32-16D5C16B3C81}"
EndProject
Project("{FAE04EC0-301F-11D3-BF4B-00C04F79EFBC}") = "VirtualRadar.Plugin.WebRequestLogger", "VirtualRadar.Plugin.WebRequestLogger\VirtualRadar.Plugin.WebRequestLogger.csproj", "{A322A1E5-70BF-4E06-AD6A-3CDF5AE8135F}"
EndProject
Project("{FAE04EC0-301F-11D3-BF4B-00C04F79EFBC}") = "VirtualRadar.Plugin.BaseStationDatabaseLogger", "VirtualRadar.Plugin.BaseStationDatabaseLogger\VirtualRadar.Plugin.BaseStationDatabaseLogger.csproj", "{1D521C3E-F138-4B42-AF71-698C55C904BF}"
EndProject
Project("{FAE04EC0-301F-11D3-BF4B-00C04F79EFBC}") = "SQLiteWrapper.Mono", "SQLiteWrapper.Mono\SQLiteWrapper.Mono.csproj", "{336BA243-B238-4C73-97B5-ABACDFF4DB4F}"
EndProject
Project("{FAE04EC0-301F-11D3-BF4B-00C04F79EFBC}") = "SQLiteWrapper.DotNet", "SQLiteWrapper.DotNet\SQLiteWrapper.DotNet.csproj", "{DDF2A51A-4AB8-4338-94AE-6320637AE3D7}"
EndProject
Global
	GlobalSection(TestCaseManagementSettings) = postSolution
		CategoryFile = VirtualRadar.vsmdi
	EndGlobalSection
	GlobalSection(SolutionConfigurationPlatforms) = preSolution
		Debug|.NET = Debug|.NET
		Debug|Any CPU = Debug|Any CPU
		Debug|Mixed Platforms = Debug|Mixed Platforms
		Debug|Win32 = Debug|Win32
		Debug|x86 = Debug|x86
		Release|.NET = Release|.NET
		Release|Any CPU = Release|Any CPU
		Release|Mixed Platforms = Release|Mixed Platforms
		Release|Win32 = Release|Win32
		Release|x86 = Release|x86
	EndGlobalSection
	GlobalSection(ProjectConfigurationPlatforms) = postSolution
		{8EF81105-F45D-4EDB-996C-DE7D5644B1E7}.Debug|.NET.ActiveCfg = Debug|x86
		{8EF81105-F45D-4EDB-996C-DE7D5644B1E7}.Debug|Any CPU.ActiveCfg = Debug|x86
		{8EF81105-F45D-4EDB-996C-DE7D5644B1E7}.Debug|Mixed Platforms.ActiveCfg = Debug|x86
		{8EF81105-F45D-4EDB-996C-DE7D5644B1E7}.Debug|Mixed Platforms.Build.0 = Debug|x86
		{8EF81105-F45D-4EDB-996C-DE7D5644B1E7}.Debug|Win32.ActiveCfg = Debug|x86
		{8EF81105-F45D-4EDB-996C-DE7D5644B1E7}.Debug|x86.ActiveCfg = Debug|x86
		{8EF81105-F45D-4EDB-996C-DE7D5644B1E7}.Debug|x86.Build.0 = Debug|x86
		{8EF81105-F45D-4EDB-996C-DE7D5644B1E7}.Release|.NET.ActiveCfg = Release|x86
		{8EF81105-F45D-4EDB-996C-DE7D5644B1E7}.Release|Any CPU.ActiveCfg = Release|x86
		{8EF81105-F45D-4EDB-996C-DE7D5644B1E7}.Release|Mixed Platforms.ActiveCfg = Release|x86
		{8EF81105-F45D-4EDB-996C-DE7D5644B1E7}.Release|Mixed Platforms.Build.0 = Release|x86
		{8EF81105-F45D-4EDB-996C-DE7D5644B1E7}.Release|Win32.ActiveCfg = Release|x86
		{8EF81105-F45D-4EDB-996C-DE7D5644B1E7}.Release|x86.ActiveCfg = Release|x86
		{8EF81105-F45D-4EDB-996C-DE7D5644B1E7}.Release|x86.Build.0 = Release|x86
		{4BC834F4-005B-4EF9-BDA4-078C3F1745D3}.Debug|.NET.ActiveCfg = Debug|x86
		{4BC834F4-005B-4EF9-BDA4-078C3F1745D3}.Debug|Any CPU.ActiveCfg = Debug|x86
		{4BC834F4-005B-4EF9-BDA4-078C3F1745D3}.Debug|Mixed Platforms.ActiveCfg = Debug|x86
		{4BC834F4-005B-4EF9-BDA4-078C3F1745D3}.Debug|Mixed Platforms.Build.0 = Debug|x86
		{4BC834F4-005B-4EF9-BDA4-078C3F1745D3}.Debug|Win32.ActiveCfg = Debug|x86
		{4BC834F4-005B-4EF9-BDA4-078C3F1745D3}.Debug|x86.ActiveCfg = Debug|x86
		{4BC834F4-005B-4EF9-BDA4-078C3F1745D3}.Debug|x86.Build.0 = Debug|x86
		{4BC834F4-005B-4EF9-BDA4-078C3F1745D3}.Release|.NET.ActiveCfg = Release|x86
		{4BC834F4-005B-4EF9-BDA4-078C3F1745D3}.Release|Any CPU.ActiveCfg = Release|x86
		{4BC834F4-005B-4EF9-BDA4-078C3F1745D3}.Release|Mixed Platforms.ActiveCfg = Release|x86
		{4BC834F4-005B-4EF9-BDA4-078C3F1745D3}.Release|Mixed Platforms.Build.0 = Release|x86
		{4BC834F4-005B-4EF9-BDA4-078C3F1745D3}.Release|Win32.ActiveCfg = Release|x86
		{4BC834F4-005B-4EF9-BDA4-078C3F1745D3}.Release|x86.ActiveCfg = Release|x86
		{4BC834F4-005B-4EF9-BDA4-078C3F1745D3}.Release|x86.Build.0 = Release|x86
		{A3F353C9-0CD5-48BF-A788-EFA83790237A}.Debug|.NET.ActiveCfg = Debug|Any CPU
		{A3F353C9-0CD5-48BF-A788-EFA83790237A}.Debug|Any CPU.ActiveCfg = Debug|Any CPU
		{A3F353C9-0CD5-48BF-A788-EFA83790237A}.Debug|Any CPU.Build.0 = Debug|Any CPU
		{A3F353C9-0CD5-48BF-A788-EFA83790237A}.Debug|Mixed Platforms.ActiveCfg = Debug|x86
		{A3F353C9-0CD5-48BF-A788-EFA83790237A}.Debug|Mixed Platforms.Build.0 = Debug|x86
		{A3F353C9-0CD5-48BF-A788-EFA83790237A}.Debug|Win32.ActiveCfg = Debug|Any CPU
		{A3F353C9-0CD5-48BF-A788-EFA83790237A}.Debug|x86.ActiveCfg = Debug|x86
		{A3F353C9-0CD5-48BF-A788-EFA83790237A}.Debug|x86.Build.0 = Debug|x86
		{A3F353C9-0CD5-48BF-A788-EFA83790237A}.Release|.NET.ActiveCfg = Release|Any CPU
		{A3F353C9-0CD5-48BF-A788-EFA83790237A}.Release|Any CPU.ActiveCfg = Release|Any CPU
		{A3F353C9-0CD5-48BF-A788-EFA83790237A}.Release|Any CPU.Build.0 = Release|Any CPU
		{A3F353C9-0CD5-48BF-A788-EFA83790237A}.Release|Mixed Platforms.ActiveCfg = Release|x86
		{A3F353C9-0CD5-48BF-A788-EFA83790237A}.Release|Mixed Platforms.Build.0 = Release|x86
		{A3F353C9-0CD5-48BF-A788-EFA83790237A}.Release|Win32.ActiveCfg = Release|Any CPU
		{A3F353C9-0CD5-48BF-A788-EFA83790237A}.Release|x86.ActiveCfg = Release|x86
		{A3F353C9-0CD5-48BF-A788-EFA83790237A}.Release|x86.Build.0 = Release|x86
		{94F0A821-51BB-4381-9413-1A3FAD661D82}.Debug|.NET.ActiveCfg = Debug|Any CPU
		{94F0A821-51BB-4381-9413-1A3FAD661D82}.Debug|Any CPU.ActiveCfg = Debug|Any CPU
		{94F0A821-51BB-4381-9413-1A3FAD661D82}.Debug|Any CPU.Build.0 = Debug|Any CPU
		{94F0A821-51BB-4381-9413-1A3FAD661D82}.Debug|Mixed Platforms.ActiveCfg = Debug|x86
		{94F0A821-51BB-4381-9413-1A3FAD661D82}.Debug|Mixed Platforms.Build.0 = Debug|x86
		{94F0A821-51BB-4381-9413-1A3FAD661D82}.Debug|Win32.ActiveCfg = Debug|Any CPU
		{94F0A821-51BB-4381-9413-1A3FAD661D82}.Debug|x86.ActiveCfg = Debug|x86
		{94F0A821-51BB-4381-9413-1A3FAD661D82}.Debug|x86.Build.0 = Debug|x86
		{94F0A821-51BB-4381-9413-1A3FAD661D82}.Release|.NET.ActiveCfg = Release|Any CPU
		{94F0A821-51BB-4381-9413-1A3FAD661D82}.Release|Any CPU.ActiveCfg = Release|Any CPU
		{94F0A821-51BB-4381-9413-1A3FAD661D82}.Release|Any CPU.Build.0 = Release|Any CPU
		{94F0A821-51BB-4381-9413-1A3FAD661D82}.Release|Mixed Platforms.ActiveCfg = Release|x86
		{94F0A821-51BB-4381-9413-1A3FAD661D82}.Release|Mixed Platforms.Build.0 = Release|x86
		{94F0A821-51BB-4381-9413-1A3FAD661D82}.Release|Win32.ActiveCfg = Release|Any CPU
		{94F0A821-51BB-4381-9413-1A3FAD661D82}.Release|x86.ActiveCfg = Release|x86
		{94F0A821-51BB-4381-9413-1A3FAD661D82}.Release|x86.Build.0 = Release|x86
		{D458EB9E-7E35-46F2-9921-34D110C74BDB}.Debug|.NET.ActiveCfg = Debug|Any CPU
		{D458EB9E-7E35-46F2-9921-34D110C74BDB}.Debug|Any CPU.ActiveCfg = Debug|Any CPU
		{D458EB9E-7E35-46F2-9921-34D110C74BDB}.Debug|Any CPU.Build.0 = Debug|Any CPU
		{D458EB9E-7E35-46F2-9921-34D110C74BDB}.Debug|Mixed Platforms.ActiveCfg = Debug|x86
		{D458EB9E-7E35-46F2-9921-34D110C74BDB}.Debug|Mixed Platforms.Build.0 = Debug|x86
		{D458EB9E-7E35-46F2-9921-34D110C74BDB}.Debug|Win32.ActiveCfg = Debug|Any CPU
		{D458EB9E-7E35-46F2-9921-34D110C74BDB}.Debug|x86.ActiveCfg = Debug|x86
		{D458EB9E-7E35-46F2-9921-34D110C74BDB}.Debug|x86.Build.0 = Debug|x86
		{D458EB9E-7E35-46F2-9921-34D110C74BDB}.Release|.NET.ActiveCfg = Release|Any CPU
		{D458EB9E-7E35-46F2-9921-34D110C74BDB}.Release|Any CPU.ActiveCfg = Release|Any CPU
		{D458EB9E-7E35-46F2-9921-34D110C74BDB}.Release|Any CPU.Build.0 = Release|Any CPU
		{D458EB9E-7E35-46F2-9921-34D110C74BDB}.Release|Mixed Platforms.ActiveCfg = Release|x86
		{D458EB9E-7E35-46F2-9921-34D110C74BDB}.Release|Mixed Platforms.Build.0 = Release|x86
		{D458EB9E-7E35-46F2-9921-34D110C74BDB}.Release|Win32.ActiveCfg = Release|Any CPU
		{D458EB9E-7E35-46F2-9921-34D110C74BDB}.Release|x86.ActiveCfg = Release|x86
		{D458EB9E-7E35-46F2-9921-34D110C74BDB}.Release|x86.Build.0 = Release|x86
		{3BCD0AE3-BC71-47DC-836C-41BDF0C2533E}.Debug|.NET.ActiveCfg = Debug|Any CPU
		{3BCD0AE3-BC71-47DC-836C-41BDF0C2533E}.Debug|Any CPU.ActiveCfg = Debug|Any CPU
		{3BCD0AE3-BC71-47DC-836C-41BDF0C2533E}.Debug|Any CPU.Build.0 = Debug|Any CPU
		{3BCD0AE3-BC71-47DC-836C-41BDF0C2533E}.Debug|Mixed Platforms.ActiveCfg = Debug|x86
		{3BCD0AE3-BC71-47DC-836C-41BDF0C2533E}.Debug|Mixed Platforms.Build.0 = Debug|x86
		{3BCD0AE3-BC71-47DC-836C-41BDF0C2533E}.Debug|Win32.ActiveCfg = Debug|Any CPU
		{3BCD0AE3-BC71-47DC-836C-41BDF0C2533E}.Debug|x86.ActiveCfg = Debug|x86
		{3BCD0AE3-BC71-47DC-836C-41BDF0C2533E}.Debug|x86.Build.0 = Debug|x86
		{3BCD0AE3-BC71-47DC-836C-41BDF0C2533E}.Release|.NET.ActiveCfg = Release|Any CPU
		{3BCD0AE3-BC71-47DC-836C-41BDF0C2533E}.Release|Any CPU.ActiveCfg = Release|Any CPU
		{3BCD0AE3-BC71-47DC-836C-41BDF0C2533E}.Release|Any CPU.Build.0 = Release|Any CPU
		{3BCD0AE3-BC71-47DC-836C-41BDF0C2533E}.Release|Mixed Platforms.ActiveCfg = Release|x86
		{3BCD0AE3-BC71-47DC-836C-41BDF0C2533E}.Release|Mixed Platforms.Build.0 = Release|x86
		{3BCD0AE3-BC71-47DC-836C-41BDF0C2533E}.Release|Win32.ActiveCfg = Release|Any CPU
		{3BCD0AE3-BC71-47DC-836C-41BDF0C2533E}.Release|x86.ActiveCfg = Release|x86
		{3BCD0AE3-BC71-47DC-836C-41BDF0C2533E}.Release|x86.Build.0 = Release|x86
		{FD7ACA3B-540C-47AD-9FBE-0B6512D52778}.Debug|.NET.ActiveCfg = Debug|Any CPU
		{FD7ACA3B-540C-47AD-9FBE-0B6512D52778}.Debug|Any CPU.ActiveCfg = Debug|Any CPU
		{FD7ACA3B-540C-47AD-9FBE-0B6512D52778}.Debug|Any CPU.Build.0 = Debug|Any CPU
		{FD7ACA3B-540C-47AD-9FBE-0B6512D52778}.Debug|Mixed Platforms.ActiveCfg = Debug|x86
		{FD7ACA3B-540C-47AD-9FBE-0B6512D52778}.Debug|Mixed Platforms.Build.0 = Debug|x86
		{FD7ACA3B-540C-47AD-9FBE-0B6512D52778}.Debug|Win32.ActiveCfg = Debug|Any CPU
		{FD7ACA3B-540C-47AD-9FBE-0B6512D52778}.Debug|x86.ActiveCfg = Debug|x86
		{FD7ACA3B-540C-47AD-9FBE-0B6512D52778}.Debug|x86.Build.0 = Debug|x86
		{FD7ACA3B-540C-47AD-9FBE-0B6512D52778}.Release|.NET.ActiveCfg = Release|Any CPU
		{FD7ACA3B-540C-47AD-9FBE-0B6512D52778}.Release|Any CPU.ActiveCfg = Release|Any CPU
		{FD7ACA3B-540C-47AD-9FBE-0B6512D52778}.Release|Any CPU.Build.0 = Release|Any CPU
		{FD7ACA3B-540C-47AD-9FBE-0B6512D52778}.Release|Mixed Platforms.ActiveCfg = Release|x86
		{FD7ACA3B-540C-47AD-9FBE-0B6512D52778}.Release|Mixed Platforms.Build.0 = Release|x86
		{FD7ACA3B-540C-47AD-9FBE-0B6512D52778}.Release|Win32.ActiveCfg = Release|Any CPU
		{FD7ACA3B-540C-47AD-9FBE-0B6512D52778}.Release|x86.ActiveCfg = Release|x86
		{FD7ACA3B-540C-47AD-9FBE-0B6512D52778}.Release|x86.Build.0 = Release|x86
		{049A9A56-990E-4F99-99F7-CC09767508D9}.Debug|.NET.ActiveCfg = Debug|x86
		{049A9A56-990E-4F99-99F7-CC09767508D9}.Debug|Any CPU.ActiveCfg = Debug|x86
		{049A9A56-990E-4F99-99F7-CC09767508D9}.Debug|Mixed Platforms.ActiveCfg = Debug|x86
		{049A9A56-990E-4F99-99F7-CC09767508D9}.Debug|Mixed Platforms.Build.0 = Debug|x86
		{049A9A56-990E-4F99-99F7-CC09767508D9}.Debug|Win32.ActiveCfg = Debug|x86
		{049A9A56-990E-4F99-99F7-CC09767508D9}.Debug|x86.ActiveCfg = Debug|x86
		{049A9A56-990E-4F99-99F7-CC09767508D9}.Debug|x86.Build.0 = Debug|x86
		{049A9A56-990E-4F99-99F7-CC09767508D9}.Release|.NET.ActiveCfg = Release|x86
		{049A9A56-990E-4F99-99F7-CC09767508D9}.Release|Any CPU.ActiveCfg = Release|x86
		{049A9A56-990E-4F99-99F7-CC09767508D9}.Release|Mixed Platforms.ActiveCfg = Release|x86
		{049A9A56-990E-4F99-99F7-CC09767508D9}.Release|Mixed Platforms.Build.0 = Release|x86
		{049A9A56-990E-4F99-99F7-CC09767508D9}.Release|Win32.ActiveCfg = Release|x86
		{049A9A56-990E-4F99-99F7-CC09767508D9}.Release|x86.ActiveCfg = Release|x86
		{049A9A56-990E-4F99-99F7-CC09767508D9}.Release|x86.Build.0 = Release|x86
		{6AD23CD7-FB9F-448E-85EA-CB5AAA4E9FEE}.Debug|.NET.ActiveCfg = Debug|Any CPU
		{6AD23CD7-FB9F-448E-85EA-CB5AAA4E9FEE}.Debug|Any CPU.ActiveCfg = Debug|Any CPU
		{6AD23CD7-FB9F-448E-85EA-CB5AAA4E9FEE}.Debug|Any CPU.Build.0 = Debug|Any CPU
		{6AD23CD7-FB9F-448E-85EA-CB5AAA4E9FEE}.Debug|Mixed Platforms.ActiveCfg = Debug|x86
		{6AD23CD7-FB9F-448E-85EA-CB5AAA4E9FEE}.Debug|Mixed Platforms.Build.0 = Debug|x86
		{6AD23CD7-FB9F-448E-85EA-CB5AAA4E9FEE}.Debug|Win32.ActiveCfg = Debug|Any CPU
		{6AD23CD7-FB9F-448E-85EA-CB5AAA4E9FEE}.Debug|x86.ActiveCfg = Debug|x86
		{6AD23CD7-FB9F-448E-85EA-CB5AAA4E9FEE}.Debug|x86.Build.0 = Debug|x86
		{6AD23CD7-FB9F-448E-85EA-CB5AAA4E9FEE}.Release|.NET.ActiveCfg = Release|Any CPU
		{6AD23CD7-FB9F-448E-85EA-CB5AAA4E9FEE}.Release|Any CPU.ActiveCfg = Release|Any CPU
		{6AD23CD7-FB9F-448E-85EA-CB5AAA4E9FEE}.Release|Any CPU.Build.0 = Release|Any CPU
		{6AD23CD7-FB9F-448E-85EA-CB5AAA4E9FEE}.Release|Mixed Platforms.ActiveCfg = Release|Any CPU
		{6AD23CD7-FB9F-448E-85EA-CB5AAA4E9FEE}.Release|Mixed Platforms.Build.0 = Release|Any CPU
		{6AD23CD7-FB9F-448E-85EA-CB5AAA4E9FEE}.Release|Win32.ActiveCfg = Release|Any CPU
		{6AD23CD7-FB9F-448E-85EA-CB5AAA4E9FEE}.Release|x86.ActiveCfg = Release|x86
		{6AD23CD7-FB9F-448E-85EA-CB5AAA4E9FEE}.Release|x86.Build.0 = Release|x86
		{E40D47DD-37B4-4B3E-87E5-8C47CB16F46D}.Debug|.NET.ActiveCfg = Debug|Any CPU
		{E40D47DD-37B4-4B3E-87E5-8C47CB16F46D}.Debug|Any CPU.ActiveCfg = Debug|Any CPU
		{E40D47DD-37B4-4B3E-87E5-8C47CB16F46D}.Debug|Any CPU.Build.0 = Debug|Any CPU
		{E40D47DD-37B4-4B3E-87E5-8C47CB16F46D}.Debug|Mixed Platforms.ActiveCfg = Debug|x86
		{E40D47DD-37B4-4B3E-87E5-8C47CB16F46D}.Debug|Mixed Platforms.Build.0 = Debug|x86
		{E40D47DD-37B4-4B3E-87E5-8C47CB16F46D}.Debug|Win32.ActiveCfg = Debug|Any CPU
		{E40D47DD-37B4-4B3E-87E5-8C47CB16F46D}.Debug|x86.ActiveCfg = Debug|x86
		{E40D47DD-37B4-4B3E-87E5-8C47CB16F46D}.Debug|x86.Build.0 = Debug|x86
		{E40D47DD-37B4-4B3E-87E5-8C47CB16F46D}.Release|.NET.ActiveCfg = Release|Any CPU
		{E40D47DD-37B4-4B3E-87E5-8C47CB16F46D}.Release|Any CPU.ActiveCfg = Release|Any CPU
		{E40D47DD-37B4-4B3E-87E5-8C47CB16F46D}.Release|Any CPU.Build.0 = Release|Any CPU
		{E40D47DD-37B4-4B3E-87E5-8C47CB16F46D}.Release|Mixed Platforms.ActiveCfg = Release|Any CPU
		{E40D47DD-37B4-4B3E-87E5-8C47CB16F46D}.Release|Mixed Platforms.Build.0 = Release|Any CPU
		{E40D47DD-37B4-4B3E-87E5-8C47CB16F46D}.Release|Win32.ActiveCfg = Release|Any CPU
		{E40D47DD-37B4-4B3E-87E5-8C47CB16F46D}.Release|x86.ActiveCfg = Release|x86
		{E40D47DD-37B4-4B3E-87E5-8C47CB16F46D}.Release|x86.Build.0 = Release|x86
		{FD3E36E1-35EA-46F3-A30B-65CEA7D92B7E}.Debug|.NET.ActiveCfg = Debug|Any CPU
		{FD3E36E1-35EA-46F3-A30B-65CEA7D92B7E}.Debug|Any CPU.ActiveCfg = Debug|Any CPU
		{FD3E36E1-35EA-46F3-A30B-65CEA7D92B7E}.Debug|Any CPU.Build.0 = Debug|Any CPU
		{FD3E36E1-35EA-46F3-A30B-65CEA7D92B7E}.Debug|Mixed Platforms.ActiveCfg = Debug|Any CPU
		{FD3E36E1-35EA-46F3-A30B-65CEA7D92B7E}.Debug|Mixed Platforms.Build.0 = Debug|Any CPU
		{FD3E36E1-35EA-46F3-A30B-65CEA7D92B7E}.Debug|Win32.ActiveCfg = Debug|x86
		{FD3E36E1-35EA-46F3-A30B-65CEA7D92B7E}.Debug|x86.ActiveCfg = Debug|x86
		{FD3E36E1-35EA-46F3-A30B-65CEA7D92B7E}.Debug|x86.Build.0 = Debug|x86
		{FD3E36E1-35EA-46F3-A30B-65CEA7D92B7E}.Release|.NET.ActiveCfg = Release|Any CPU
		{FD3E36E1-35EA-46F3-A30B-65CEA7D92B7E}.Release|Any CPU.ActiveCfg = Release|Any CPU
		{FD3E36E1-35EA-46F3-A30B-65CEA7D92B7E}.Release|Any CPU.Build.0 = Release|Any CPU
		{FD3E36E1-35EA-46F3-A30B-65CEA7D92B7E}.Release|Mixed Platforms.ActiveCfg = Release|Any CPU
		{FD3E36E1-35EA-46F3-A30B-65CEA7D92B7E}.Release|Mixed Platforms.Build.0 = Release|Any CPU
		{FD3E36E1-35EA-46F3-A30B-65CEA7D92B7E}.Release|Win32.ActiveCfg = Release|x86
		{FD3E36E1-35EA-46F3-A30B-65CEA7D92B7E}.Release|x86.ActiveCfg = Release|x86
		{FD3E36E1-35EA-46F3-A30B-65CEA7D92B7E}.Release|x86.Build.0 = Release|x86
		{368D365B-D45A-439E-B649-0512C395351F}.Debug|.NET.ActiveCfg = Debug|Any CPU
		{368D365B-D45A-439E-B649-0512C395351F}.Debug|Any CPU.ActiveCfg = Debug|Any CPU
		{368D365B-D45A-439E-B649-0512C395351F}.Debug|Any CPU.Build.0 = Debug|Any CPU
		{368D365B-D45A-439E-B649-0512C395351F}.Debug|Mixed Platforms.ActiveCfg = Debug|Any CPU
		{368D365B-D45A-439E-B649-0512C395351F}.Debug|Mixed Platforms.Build.0 = Debug|Any CPU
		{368D365B-D45A-439E-B649-0512C395351F}.Debug|Win32.ActiveCfg = Debug|x86
		{368D365B-D45A-439E-B649-0512C395351F}.Debug|x86.ActiveCfg = Debug|x86
		{368D365B-D45A-439E-B649-0512C395351F}.Debug|x86.Build.0 = Debug|x86
		{368D365B-D45A-439E-B649-0512C395351F}.Release|.NET.ActiveCfg = Release|Any CPU
		{368D365B-D45A-439E-B649-0512C395351F}.Release|Any CPU.ActiveCfg = Release|Any CPU
		{368D365B-D45A-439E-B649-0512C395351F}.Release|Any CPU.Build.0 = Release|Any CPU
		{368D365B-D45A-439E-B649-0512C395351F}.Release|Mixed Platforms.ActiveCfg = Release|Any CPU
		{368D365B-D45A-439E-B649-0512C395351F}.Release|Mixed Platforms.Build.0 = Release|Any CPU
		{368D365B-D45A-439E-B649-0512C395351F}.Release|Win32.ActiveCfg = Release|x86
		{368D365B-D45A-439E-B649-0512C395351F}.Release|x86.ActiveCfg = Release|x86
		{368D365B-D45A-439E-B649-0512C395351F}.Release|x86.Build.0 = Release|x86
		{3B80F85F-085D-4D89-8CC6-5167A58D7845}.Debug|.NET.ActiveCfg = Debug|Any CPU
		{3B80F85F-085D-4D89-8CC6-5167A58D7845}.Debug|Any CPU.ActiveCfg = Debug|Any CPU
		{3B80F85F-085D-4D89-8CC6-5167A58D7845}.Debug|Any CPU.Build.0 = Debug|Any CPU
		{3B80F85F-085D-4D89-8CC6-5167A58D7845}.Debug|Mixed Platforms.ActiveCfg = Debug|Any CPU
		{3B80F85F-085D-4D89-8CC6-5167A58D7845}.Debug|Mixed Platforms.Build.0 = Debug|Any CPU
		{3B80F85F-085D-4D89-8CC6-5167A58D7845}.Debug|Win32.ActiveCfg = Debug|x86
		{3B80F85F-085D-4D89-8CC6-5167A58D7845}.Debug|x86.ActiveCfg = Debug|x86
		{3B80F85F-085D-4D89-8CC6-5167A58D7845}.Debug|x86.Build.0 = Debug|x86
		{3B80F85F-085D-4D89-8CC6-5167A58D7845}.Release|.NET.ActiveCfg = Release|Any CPU
		{3B80F85F-085D-4D89-8CC6-5167A58D7845}.Release|Any CPU.ActiveCfg = Release|Any CPU
		{3B80F85F-085D-4D89-8CC6-5167A58D7845}.Release|Any CPU.Build.0 = Release|Any CPU
		{3B80F85F-085D-4D89-8CC6-5167A58D7845}.Release|Mixed Platforms.ActiveCfg = Release|Any CPU
		{3B80F85F-085D-4D89-8CC6-5167A58D7845}.Release|Mixed Platforms.Build.0 = Release|Any CPU
		{3B80F85F-085D-4D89-8CC6-5167A58D7845}.Release|Win32.ActiveCfg = Release|x86
		{3B80F85F-085D-4D89-8CC6-5167A58D7845}.Release|x86.ActiveCfg = Release|x86
		{3B80F85F-085D-4D89-8CC6-5167A58D7845}.Release|x86.Build.0 = Release|x86
		{EACC3459-9586-4977-A664-AE5827699B30}.Debug|.NET.ActiveCfg = Debug|Any CPU
		{EACC3459-9586-4977-A664-AE5827699B30}.Debug|Any CPU.ActiveCfg = Debug|Any CPU
		{EACC3459-9586-4977-A664-AE5827699B30}.Debug|Any CPU.Build.0 = Debug|Any CPU
		{EACC3459-9586-4977-A664-AE5827699B30}.Debug|Mixed Platforms.ActiveCfg = Debug|Any CPU
		{EACC3459-9586-4977-A664-AE5827699B30}.Debug|Mixed Platforms.Build.0 = Debug|Any CPU
		{EACC3459-9586-4977-A664-AE5827699B30}.Debug|Win32.ActiveCfg = Debug|x86
		{EACC3459-9586-4977-A664-AE5827699B30}.Debug|x86.ActiveCfg = Debug|x86
		{EACC3459-9586-4977-A664-AE5827699B30}.Debug|x86.Build.0 = Debug|x86
		{EACC3459-9586-4977-A664-AE5827699B30}.Release|.NET.ActiveCfg = Release|Any CPU
		{EACC3459-9586-4977-A664-AE5827699B30}.Release|Any CPU.ActiveCfg = Release|Any CPU
		{EACC3459-9586-4977-A664-AE5827699B30}.Release|Any CPU.Build.0 = Release|Any CPU
		{EACC3459-9586-4977-A664-AE5827699B30}.Release|Mixed Platforms.ActiveCfg = Release|Any CPU
		{EACC3459-9586-4977-A664-AE5827699B30}.Release|Mixed Platforms.Build.0 = Release|Any CPU
		{EACC3459-9586-4977-A664-AE5827699B30}.Release|Win32.ActiveCfg = Release|x86
		{EACC3459-9586-4977-A664-AE5827699B30}.Release|x86.ActiveCfg = Release|x86
		{EACC3459-9586-4977-A664-AE5827699B30}.Release|x86.Build.0 = Release|x86
		{40F37767-C554-453F-8748-784EF41E0AFB}.Debug|.NET.ActiveCfg = Debug|Any CPU
		{40F37767-C554-453F-8748-784EF41E0AFB}.Debug|Any CPU.ActiveCfg = Debug|Any CPU
		{40F37767-C554-453F-8748-784EF41E0AFB}.Debug|Any CPU.Build.0 = Debug|Any CPU
		{40F37767-C554-453F-8748-784EF41E0AFB}.Debug|Mixed Platforms.ActiveCfg = Debug|Any CPU
		{40F37767-C554-453F-8748-784EF41E0AFB}.Debug|Mixed Platforms.Build.0 = Debug|Any CPU
		{40F37767-C554-453F-8748-784EF41E0AFB}.Debug|Win32.ActiveCfg = Debug|x86
		{40F37767-C554-453F-8748-784EF41E0AFB}.Debug|x86.ActiveCfg = Debug|x86
		{40F37767-C554-453F-8748-784EF41E0AFB}.Debug|x86.Build.0 = Debug|x86
		{40F37767-C554-453F-8748-784EF41E0AFB}.Release|.NET.ActiveCfg = Release|Any CPU
		{40F37767-C554-453F-8748-784EF41E0AFB}.Release|Any CPU.ActiveCfg = Release|Any CPU
		{40F37767-C554-453F-8748-784EF41E0AFB}.Release|Any CPU.Build.0 = Release|Any CPU
		{40F37767-C554-453F-8748-784EF41E0AFB}.Release|Mixed Platforms.ActiveCfg = Release|Any CPU
		{40F37767-C554-453F-8748-784EF41E0AFB}.Release|Mixed Platforms.Build.0 = Release|Any CPU
		{40F37767-C554-453F-8748-784EF41E0AFB}.Release|Win32.ActiveCfg = Release|x86
		{40F37767-C554-453F-8748-784EF41E0AFB}.Release|x86.ActiveCfg = Release|x86
		{40F37767-C554-453F-8748-784EF41E0AFB}.Release|x86.Build.0 = Release|x86
		{3A1330D8-1E7D-4C70-BA9A-39851389CFFF}.Debug|.NET.ActiveCfg = Debug|Any CPU
		{3A1330D8-1E7D-4C70-BA9A-39851389CFFF}.Debug|Any CPU.ActiveCfg = Debug|Any CPU
		{3A1330D8-1E7D-4C70-BA9A-39851389CFFF}.Debug|Any CPU.Build.0 = Debug|Any CPU
		{3A1330D8-1E7D-4C70-BA9A-39851389CFFF}.Debug|Mixed Platforms.ActiveCfg = Debug|Any CPU
		{3A1330D8-1E7D-4C70-BA9A-39851389CFFF}.Debug|Mixed Platforms.Build.0 = Debug|Any CPU
		{3A1330D8-1E7D-4C70-BA9A-39851389CFFF}.Debug|Win32.ActiveCfg = Debug|x86
		{3A1330D8-1E7D-4C70-BA9A-39851389CFFF}.Debug|x86.ActiveCfg = Debug|x86
		{3A1330D8-1E7D-4C70-BA9A-39851389CFFF}.Debug|x86.Build.0 = Debug|x86
		{3A1330D8-1E7D-4C70-BA9A-39851389CFFF}.Release|.NET.ActiveCfg = Release|Any CPU
		{3A1330D8-1E7D-4C70-BA9A-39851389CFFF}.Release|Any CPU.ActiveCfg = Release|Any CPU
		{3A1330D8-1E7D-4C70-BA9A-39851389CFFF}.Release|Any CPU.Build.0 = Release|Any CPU
		{3A1330D8-1E7D-4C70-BA9A-39851389CFFF}.Release|Mixed Platforms.ActiveCfg = Release|Any CPU
		{3A1330D8-1E7D-4C70-BA9A-39851389CFFF}.Release|Mixed Platforms.Build.0 = Release|Any CPU
		{3A1330D8-1E7D-4C70-BA9A-39851389CFFF}.Release|Win32.ActiveCfg = Release|x86
		{3A1330D8-1E7D-4C70-BA9A-39851389CFFF}.Release|x86.ActiveCfg = Release|x86
		{3A1330D8-1E7D-4C70-BA9A-39851389CFFF}.Release|x86.Build.0 = Release|x86
		{B74413AC-8898-45DA-B4BD-82E4F9F58D72}.Debug|.NET.ActiveCfg = Debug|Any CPU
		{B74413AC-8898-45DA-B4BD-82E4F9F58D72}.Debug|Any CPU.ActiveCfg = Debug|Any CPU
		{B74413AC-8898-45DA-B4BD-82E4F9F58D72}.Debug|Any CPU.Build.0 = Debug|Any CPU
		{B74413AC-8898-45DA-B4BD-82E4F9F58D72}.Debug|Mixed Platforms.ActiveCfg = Debug|Any CPU
		{B74413AC-8898-45DA-B4BD-82E4F9F58D72}.Debug|Mixed Platforms.Build.0 = Debug|Any CPU
		{B74413AC-8898-45DA-B4BD-82E4F9F58D72}.Debug|Win32.ActiveCfg = Debug|x86
		{B74413AC-8898-45DA-B4BD-82E4F9F58D72}.Debug|x86.ActiveCfg = Debug|x86
		{B74413AC-8898-45DA-B4BD-82E4F9F58D72}.Debug|x86.Build.0 = Debug|x86
		{B74413AC-8898-45DA-B4BD-82E4F9F58D72}.Release|.NET.ActiveCfg = Release|Any CPU
		{B74413AC-8898-45DA-B4BD-82E4F9F58D72}.Release|Any CPU.ActiveCfg = Release|Any CPU
		{B74413AC-8898-45DA-B4BD-82E4F9F58D72}.Release|Any CPU.Build.0 = Release|Any CPU
		{B74413AC-8898-45DA-B4BD-82E4F9F58D72}.Release|Mixed Platforms.ActiveCfg = Release|Any CPU
		{B74413AC-8898-45DA-B4BD-82E4F9F58D72}.Release|Mixed Platforms.Build.0 = Release|Any CPU
		{B74413AC-8898-45DA-B4BD-82E4F9F58D72}.Release|Win32.ActiveCfg = Release|x86
		{B74413AC-8898-45DA-B4BD-82E4F9F58D72}.Release|x86.ActiveCfg = Release|x86
		{B74413AC-8898-45DA-B4BD-82E4F9F58D72}.Release|x86.Build.0 = Release|x86
		{FE25F47B-7A81-4A04-8E00-99C36BCA8E03}.Debug|.NET.ActiveCfg = Debug|Any CPU
		{FE25F47B-7A81-4A04-8E00-99C36BCA8E03}.Debug|Any CPU.ActiveCfg = Debug|Any CPU
		{FE25F47B-7A81-4A04-8E00-99C36BCA8E03}.Debug|Any CPU.Build.0 = Debug|Any CPU
		{FE25F47B-7A81-4A04-8E00-99C36BCA8E03}.Debug|Mixed Platforms.ActiveCfg = Debug|Any CPU
		{FE25F47B-7A81-4A04-8E00-99C36BCA8E03}.Debug|Mixed Platforms.Build.0 = Debug|Any CPU
		{FE25F47B-7A81-4A04-8E00-99C36BCA8E03}.Debug|Win32.ActiveCfg = Debug|x86
		{FE25F47B-7A81-4A04-8E00-99C36BCA8E03}.Debug|x86.ActiveCfg = Debug|x86
		{FE25F47B-7A81-4A04-8E00-99C36BCA8E03}.Debug|x86.Build.0 = Debug|x86
		{FE25F47B-7A81-4A04-8E00-99C36BCA8E03}.Release|.NET.ActiveCfg = Release|Any CPU
		{FE25F47B-7A81-4A04-8E00-99C36BCA8E03}.Release|Any CPU.ActiveCfg = Release|Any CPU
		{FE25F47B-7A81-4A04-8E00-99C36BCA8E03}.Release|Any CPU.Build.0 = Release|Any CPU
		{FE25F47B-7A81-4A04-8E00-99C36BCA8E03}.Release|Mixed Platforms.ActiveCfg = Release|Any CPU
		{FE25F47B-7A81-4A04-8E00-99C36BCA8E03}.Release|Mixed Platforms.Build.0 = Release|Any CPU
		{FE25F47B-7A81-4A04-8E00-99C36BCA8E03}.Release|Win32.ActiveCfg = Release|x86
		{FE25F47B-7A81-4A04-8E00-99C36BCA8E03}.Release|x86.ActiveCfg = Release|x86
		{FE25F47B-7A81-4A04-8E00-99C36BCA8E03}.Release|x86.Build.0 = Release|x86
		{9E538513-A812-4A09-BD54-96734AD4A850}.Debug|.NET.ActiveCfg = Debug|Any CPU
		{9E538513-A812-4A09-BD54-96734AD4A850}.Debug|Any CPU.ActiveCfg = Debug|Any CPU
		{9E538513-A812-4A09-BD54-96734AD4A850}.Debug|Any CPU.Build.0 = Debug|Any CPU
		{9E538513-A812-4A09-BD54-96734AD4A850}.Debug|Mixed Platforms.ActiveCfg = Debug|Any CPU
		{9E538513-A812-4A09-BD54-96734AD4A850}.Debug|Mixed Platforms.Build.0 = Debug|Any CPU
		{9E538513-A812-4A09-BD54-96734AD4A850}.Debug|Win32.ActiveCfg = Debug|x86
		{9E538513-A812-4A09-BD54-96734AD4A850}.Debug|x86.ActiveCfg = Debug|x86
		{9E538513-A812-4A09-BD54-96734AD4A850}.Debug|x86.Build.0 = Debug|x86
		{9E538513-A812-4A09-BD54-96734AD4A850}.Release|.NET.ActiveCfg = Release|Any CPU
		{9E538513-A812-4A09-BD54-96734AD4A850}.Release|Any CPU.ActiveCfg = Release|Any CPU
		{9E538513-A812-4A09-BD54-96734AD4A850}.Release|Any CPU.Build.0 = Release|Any CPU
		{9E538513-A812-4A09-BD54-96734AD4A850}.Release|Mixed Platforms.ActiveCfg = Release|Any CPU
		{9E538513-A812-4A09-BD54-96734AD4A850}.Release|Mixed Platforms.Build.0 = Release|Any CPU
		{9E538513-A812-4A09-BD54-96734AD4A850}.Release|Win32.ActiveCfg = Release|x86
		{9E538513-A812-4A09-BD54-96734AD4A850}.Release|x86.ActiveCfg = Release|x86
		{9E538513-A812-4A09-BD54-96734AD4A850}.Release|x86.Build.0 = Release|x86
		{B1ED76D8-C538-494C-9A0C-39EEEC30DC81}.Debug|.NET.ActiveCfg = Debug|Any CPU
		{B1ED76D8-C538-494C-9A0C-39EEEC30DC81}.Debug|Any CPU.ActiveCfg = Debug|Any CPU
		{B1ED76D8-C538-494C-9A0C-39EEEC30DC81}.Debug|Any CPU.Build.0 = Debug|Any CPU
		{B1ED76D8-C538-494C-9A0C-39EEEC30DC81}.Debug|Mixed Platforms.ActiveCfg = Debug|Any CPU
		{B1ED76D8-C538-494C-9A0C-39EEEC30DC81}.Debug|Mixed Platforms.Build.0 = Debug|Any CPU
		{B1ED76D8-C538-494C-9A0C-39EEEC30DC81}.Debug|Win32.ActiveCfg = Debug|x86
		{B1ED76D8-C538-494C-9A0C-39EEEC30DC81}.Debug|x86.ActiveCfg = Debug|x86
		{B1ED76D8-C538-494C-9A0C-39EEEC30DC81}.Debug|x86.Build.0 = Debug|x86
		{B1ED76D8-C538-494C-9A0C-39EEEC30DC81}.Release|.NET.ActiveCfg = Release|Any CPU
		{B1ED76D8-C538-494C-9A0C-39EEEC30DC81}.Release|Any CPU.ActiveCfg = Release|Any CPU
		{B1ED76D8-C538-494C-9A0C-39EEEC30DC81}.Release|Any CPU.Build.0 = Release|Any CPU
		{B1ED76D8-C538-494C-9A0C-39EEEC30DC81}.Release|Mixed Platforms.ActiveCfg = Release|Any CPU
		{B1ED76D8-C538-494C-9A0C-39EEEC30DC81}.Release|Mixed Platforms.Build.0 = Release|Any CPU
		{B1ED76D8-C538-494C-9A0C-39EEEC30DC81}.Release|Win32.ActiveCfg = Release|x86
		{B1ED76D8-C538-494C-9A0C-39EEEC30DC81}.Release|x86.ActiveCfg = Release|x86
		{B1ED76D8-C538-494C-9A0C-39EEEC30DC81}.Release|x86.Build.0 = Release|x86
		{801D6F1C-21A1-4336-9F32-16D5C16B3C81}.Debug|.NET.ActiveCfg = Debug|Any CPU
		{801D6F1C-21A1-4336-9F32-16D5C16B3C81}.Debug|Any CPU.ActiveCfg = Debug|Any CPU
		{801D6F1C-21A1-4336-9F32-16D5C16B3C81}.Debug|Any CPU.Build.0 = Debug|Any CPU
		{801D6F1C-21A1-4336-9F32-16D5C16B3C81}.Debug|Mixed Platforms.ActiveCfg = Debug|Any CPU
		{801D6F1C-21A1-4336-9F32-16D5C16B3C81}.Debug|Mixed Platforms.Build.0 = Debug|Any CPU
		{801D6F1C-21A1-4336-9F32-16D5C16B3C81}.Debug|Win32.ActiveCfg = Debug|Any CPU
		{801D6F1C-21A1-4336-9F32-16D5C16B3C81}.Debug|x86.ActiveCfg = Debug|x86
		{801D6F1C-21A1-4336-9F32-16D5C16B3C81}.Debug|x86.Build.0 = Debug|x86
		{801D6F1C-21A1-4336-9F32-16D5C16B3C81}.Release|.NET.ActiveCfg = Release|Any CPU
		{801D6F1C-21A1-4336-9F32-16D5C16B3C81}.Release|Any CPU.ActiveCfg = Release|Any CPU
		{801D6F1C-21A1-4336-9F32-16D5C16B3C81}.Release|Any CPU.Build.0 = Release|Any CPU
		{801D6F1C-21A1-4336-9F32-16D5C16B3C81}.Release|Mixed Platforms.ActiveCfg = Release|Any CPU
		{801D6F1C-21A1-4336-9F32-16D5C16B3C81}.Release|Mixed Platforms.Build.0 = Release|Any CPU
		{801D6F1C-21A1-4336-9F32-16D5C16B3C81}.Release|Win32.ActiveCfg = Release|Any CPU
		{801D6F1C-21A1-4336-9F32-16D5C16B3C81}.Release|x86.ActiveCfg = Release|x86
		{801D6F1C-21A1-4336-9F32-16D5C16B3C81}.Release|x86.Build.0 = Release|x86
		{A322A1E5-70BF-4E06-AD6A-3CDF5AE8135F}.Debug|.NET.ActiveCfg = Debug|Any CPU
		{A322A1E5-70BF-4E06-AD6A-3CDF5AE8135F}.Debug|Any CPU.ActiveCfg = Debug|Any CPU
		{A322A1E5-70BF-4E06-AD6A-3CDF5AE8135F}.Debug|Any CPU.Build.0 = Debug|Any CPU
		{A322A1E5-70BF-4E06-AD6A-3CDF5AE8135F}.Debug|Mixed Platforms.ActiveCfg = Debug|Any CPU
		{A322A1E5-70BF-4E06-AD6A-3CDF5AE8135F}.Debug|Mixed Platforms.Build.0 = Debug|Any CPU
		{A322A1E5-70BF-4E06-AD6A-3CDF5AE8135F}.Debug|Win32.ActiveCfg = Debug|Any CPU
		{A322A1E5-70BF-4E06-AD6A-3CDF5AE8135F}.Debug|x86.ActiveCfg = Debug|x86
		{A322A1E5-70BF-4E06-AD6A-3CDF5AE8135F}.Debug|x86.Build.0 = Debug|x86
		{A322A1E5-70BF-4E06-AD6A-3CDF5AE8135F}.Release|.NET.ActiveCfg = Release|Any CPU
		{A322A1E5-70BF-4E06-AD6A-3CDF5AE8135F}.Release|Any CPU.ActiveCfg = Release|Any CPU
		{A322A1E5-70BF-4E06-AD6A-3CDF5AE8135F}.Release|Any CPU.Build.0 = Release|Any CPU
		{A322A1E5-70BF-4E06-AD6A-3CDF5AE8135F}.Release|Mixed Platforms.ActiveCfg = Release|Any CPU
		{A322A1E5-70BF-4E06-AD6A-3CDF5AE8135F}.Release|Mixed Platforms.Build.0 = Release|Any CPU
		{A322A1E5-70BF-4E06-AD6A-3CDF5AE8135F}.Release|Win32.ActiveCfg = Release|Any CPU
		{A322A1E5-70BF-4E06-AD6A-3CDF5AE8135F}.Release|x86.ActiveCfg = Release|x86
		{A322A1E5-70BF-4E06-AD6A-3CDF5AE8135F}.Release|x86.Build.0 = Release|x86
		{1D521C3E-F138-4B42-AF71-698C55C904BF}.Debug|.NET.ActiveCfg = Debug|Any CPU
		{1D521C3E-F138-4B42-AF71-698C55C904BF}.Debug|Any CPU.ActiveCfg = Debug|Any CPU
		{1D521C3E-F138-4B42-AF71-698C55C904BF}.Debug|Any CPU.Build.0 = Debug|Any CPU
		{1D521C3E-F138-4B42-AF71-698C55C904BF}.Debug|Mixed Platforms.ActiveCfg = Debug|Any CPU
		{1D521C3E-F138-4B42-AF71-698C55C904BF}.Debug|Mixed Platforms.Build.0 = Debug|Any CPU
		{1D521C3E-F138-4B42-AF71-698C55C904BF}.Debug|Win32.ActiveCfg = Debug|Any CPU
		{1D521C3E-F138-4B42-AF71-698C55C904BF}.Debug|x86.ActiveCfg = Debug|x86
		{1D521C3E-F138-4B42-AF71-698C55C904BF}.Debug|x86.Build.0 = Debug|x86
		{1D521C3E-F138-4B42-AF71-698C55C904BF}.Release|.NET.ActiveCfg = Release|Any CPU
		{1D521C3E-F138-4B42-AF71-698C55C904BF}.Release|Any CPU.ActiveCfg = Release|Any CPU
		{1D521C3E-F138-4B42-AF71-698C55C904BF}.Release|Any CPU.Build.0 = Release|Any CPU
		{1D521C3E-F138-4B42-AF71-698C55C904BF}.Release|Mixed Platforms.ActiveCfg = Release|Any CPU
		{1D521C3E-F138-4B42-AF71-698C55C904BF}.Release|Mixed Platforms.Build.0 = Release|Any CPU
		{1D521C3E-F138-4B42-AF71-698C55C904BF}.Release|Win32.ActiveCfg = Release|Any CPU
		{1D521C3E-F138-4B42-AF71-698C55C904BF}.Release|x86.ActiveCfg = Release|x86
		{1D521C3E-F138-4B42-AF71-698C55C904BF}.Release|x86.Build.0 = Release|x86
		{336BA243-B238-4C73-97B5-ABACDFF4DB4F}.Debug|.NET.ActiveCfg = Debug|Any CPU
		{336BA243-B238-4C73-97B5-ABACDFF4DB4F}.Debug|Any CPU.ActiveCfg = Debug|Any CPU
		{336BA243-B238-4C73-97B5-ABACDFF4DB4F}.Debug|Any CPU.Build.0 = Debug|Any CPU
		{336BA243-B238-4C73-97B5-ABACDFF4DB4F}.Debug|Mixed Platforms.ActiveCfg = Debug|Any CPU
		{336BA243-B238-4C73-97B5-ABACDFF4DB4F}.Debug|Mixed Platforms.Build.0 = Debug|Any CPU
		{336BA243-B238-4C73-97B5-ABACDFF4DB4F}.Debug|Win32.ActiveCfg = Debug|Any CPU
		{336BA243-B238-4C73-97B5-ABACDFF4DB4F}.Debug|x86.ActiveCfg = Debug|x86
		{336BA243-B238-4C73-97B5-ABACDFF4DB4F}.Debug|x86.Build.0 = Debug|x86
		{336BA243-B238-4C73-97B5-ABACDFF4DB4F}.Release|.NET.ActiveCfg = Release|Any CPU
		{336BA243-B238-4C73-97B5-ABACDFF4DB4F}.Release|Any CPU.ActiveCfg = Release|Any CPU
		{336BA243-B238-4C73-97B5-ABACDFF4DB4F}.Release|Any CPU.Build.0 = Release|Any CPU
		{336BA243-B238-4C73-97B5-ABACDFF4DB4F}.Release|Mixed Platforms.ActiveCfg = Release|Any CPU
		{336BA243-B238-4C73-97B5-ABACDFF4DB4F}.Release|Mixed Platforms.Build.0 = Release|Any CPU
		{336BA243-B238-4C73-97B5-ABACDFF4DB4F}.Release|Win32.ActiveCfg = Release|Any CPU
		{336BA243-B238-4C73-97B5-ABACDFF4DB4F}.Release|x86.ActiveCfg = Release|x86
		{336BA243-B238-4C73-97B5-ABACDFF4DB4F}.Release|x86.Build.0 = Release|x86
		{DDF2A51A-4AB8-4338-94AE-6320637AE3D7}.Debug|.NET.ActiveCfg = Debug|Any CPU
		{DDF2A51A-4AB8-4338-94AE-6320637AE3D7}.Debug|Any CPU.ActiveCfg = Debug|Any CPU
		{DDF2A51A-4AB8-4338-94AE-6320637AE3D7}.Debug|Any CPU.Build.0 = Debug|Any CPU
		{DDF2A51A-4AB8-4338-94AE-6320637AE3D7}.Debug|Mixed Platforms.ActiveCfg = Debug|Any CPU
		{DDF2A51A-4AB8-4338-94AE-6320637AE3D7}.Debug|Mixed Platforms.Build.0 = Debug|Any CPU
		{DDF2A51A-4AB8-4338-94AE-6320637AE3D7}.Debug|Win32.ActiveCfg = Debug|Any CPU
		{DDF2A51A-4AB8-4338-94AE-6320637AE3D7}.Debug|x86.ActiveCfg = Debug|x86
		{DDF2A51A-4AB8-4338-94AE-6320637AE3D7}.Debug|x86.Build.0 = Debug|x86
		{DDF2A51A-4AB8-4338-94AE-6320637AE3D7}.Release|.NET.ActiveCfg = Release|Any CPU
		{DDF2A51A-4AB8-4338-94AE-6320637AE3D7}.Release|Any CPU.ActiveCfg = Release|Any CPU
		{DDF2A51A-4AB8-4338-94AE-6320637AE3D7}.Release|Any CPU.Build.0 = Release|Any CPU
		{DDF2A51A-4AB8-4338-94AE-6320637AE3D7}.Release|Mixed Platforms.ActiveCfg = Release|Any CPU
		{DDF2A51A-4AB8-4338-94AE-6320637AE3D7}.Release|Mixed Platforms.Build.0 = Release|Any CPU
		{DDF2A51A-4AB8-4338-94AE-6320637AE3D7}.Release|Win32.ActiveCfg = Release|Any CPU
		{DDF2A51A-4AB8-4338-94AE-6320637AE3D7}.Release|x86.ActiveCfg = Release|x86
		{DDF2A51A-4AB8-4338-94AE-6320637AE3D7}.Release|x86.Build.0 = Release|x86
	EndGlobalSection
	GlobalSection(SolutionProperties) = preSolution
		HideSolutionNode = FALSE
	EndGlobalSection
	GlobalSection(NestedProjects) = preSolution
		{94F0A821-51BB-4381-9413-1A3FAD661D82} = {F3CB0F2F-8F5A-44B0-8AFE-D8DA9531612E}
		{D458EB9E-7E35-46F2-9921-34D110C74BDB} = {F3CB0F2F-8F5A-44B0-8AFE-D8DA9531612E}
		{3BCD0AE3-BC71-47DC-836C-41BDF0C2533E} = {F3CB0F2F-8F5A-44B0-8AFE-D8DA9531612E}
		{FD7ACA3B-540C-47AD-9FBE-0B6512D52778} = {F3CB0F2F-8F5A-44B0-8AFE-D8DA9531612E}
		{E40D47DD-37B4-4B3E-87E5-8C47CB16F46D} = {F3CB0F2F-8F5A-44B0-8AFE-D8DA9531612E}
		{3B80F85F-085D-4D89-8CC6-5167A58D7845} = {F3CB0F2F-8F5A-44B0-8AFE-D8DA9531612E}
		{40F37767-C554-453F-8748-784EF41E0AFB} = {F3CB0F2F-8F5A-44B0-8AFE-D8DA9531612E}
		{9E538513-A812-4A09-BD54-96734AD4A850} = {F3CB0F2F-8F5A-44B0-8AFE-D8DA9531612E}
	EndGlobalSection
EndGlobal
